// !$*UTF8*$!
{
	archiveVersion = 1;
	classes = {
	};
	objectVersion = 50;
	objects = {

/* Begin PBXBuildFile section */
		313F48502338187C000B3BE1 /* AppDelegate.swift in Sources */ = {isa = PBXBuildFile; fileRef = 313F484F2338187C000B3BE1 /* AppDelegate.swift */; };
		313F48522338187C000B3BE1 /* SceneDelegate.swift in Sources */ = {isa = PBXBuildFile; fileRef = 313F48512338187C000B3BE1 /* SceneDelegate.swift */; };
		313F48542338187C000B3BE1 /* ContentView.swift in Sources */ = {isa = PBXBuildFile; fileRef = 313F48532338187C000B3BE1 /* ContentView.swift */; };
		313F485623381880000B3BE1 /* Assets.xcassets in Resources */ = {isa = PBXBuildFile; fileRef = 313F485523381880000B3BE1 /* Assets.xcassets */; };
		313F485923381880000B3BE1 /* Preview Assets.xcassets in Resources */ = {isa = PBXBuildFile; fileRef = 313F485823381880000B3BE1 /* Preview Assets.xcassets */; };
		313F485C23381880000B3BE1 /* LaunchScreen.storyboard in Resources */ = {isa = PBXBuildFile; fileRef = 313F485A23381880000B3BE1 /* LaunchScreen.storyboard */; };
		313F486723381880000B3BE1 /* iDineTests.swift in Sources */ = {isa = PBXBuildFile; fileRef = 313F486623381880000B3BE1 /* iDineTests.swift */; };
		313F487223381880000B3BE1 /* iDineUITests.swift in Sources */ = {isa = PBXBuildFile; fileRef = 313F487123381880000B3BE1 /* iDineUITests.swift */; };
/* End PBXBuildFile section */

/* Begin PBXContainerItemProxy section */
		313F486323381880000B3BE1 /* PBXContainerItemProxy */ = {
			isa = PBXContainerItemProxy;
			containerPortal = 313F48442338187C000B3BE1 /* Project object */;
			proxyType = 1;
			remoteGlobalIDString = 313F484B2338187C000B3BE1;
			remoteInfo = iDine;
		};
		313F486E23381880000B3BE1 /* PBXContainerItemProxy */ = {
			isa = PBXContainerItemProxy;
			containerPortal = 313F48442338187C000B3BE1 /* Project object */;
			proxyType = 1;
			remoteGlobalIDString = 313F484B2338187C000B3BE1;
			remoteInfo = iDine;
		};
/* End PBXContainerItemProxy section */

/* Begin PBXFileReference section */
		313F484C2338187C000B3BE1 /* iDine.app */ = {isa = PBXFileReference; explicitFileType = wrapper.application; includeInIndex = 0; path = iDine.app; sourceTree = BUILT_PRODUCTS_DIR; };
		313F484F2338187C000B3BE1 /* AppDelegate.swift */ = {isa = PBXFileReference; lastKnownFileType = sourcecode.swift; path = AppDelegate.swift; sourceTree = "<group>"; };
		313F48512338187C000B3BE1 /* SceneDelegate.swift */ = {isa = PBXFileReference; lastKnownFileType = sourcecode.swift; path = SceneDelegate.swift; sourceTree = "<group>"; };
		313F48532338187C000B3BE1 /* ContentView.swift */ = {isa = PBXFileReference; lastKnownFileType = sourcecode.swift; path = ContentView.swift; sourceTree = "<group>"; };
		313F485523381880000B3BE1 /* Assets.xcassets */ = {isa = PBXFileReference; lastKnownFileType = folder.assetcatalog; path = Assets.xcassets; sourceTree = "<group>"; };
		313F485823381880000B3BE1 /* Preview Assets.xcassets */ = {isa = PBXFileReference; lastKnownFileType = folder.assetcatalog; path = "Preview Assets.xcassets"; sourceTree = "<group>"; };
		313F485B23381880000B3BE1 /* Base */ = {isa = PBXFileReference; lastKnownFileType = file.storyboard; name = Base; path = Base.lproj/LaunchScreen.storyboard; sourceTree = "<group>"; };
		313F485D23381880000B3BE1 /* Info.plist */ = {isa = PBXFileReference; lastKnownFileType = text.plist.xml; path = Info.plist; sourceTree = "<group>"; };
		313F486223381880000B3BE1 /* iDineTests.xctest */ = {isa = PBXFileReference; explicitFileType = wrapper.cfbundle; includeInIndex = 0; path = iDineTests.xctest; sourceTree = BUILT_PRODUCTS_DIR; };
		313F486623381880000B3BE1 /* iDineTests.swift */ = {isa = PBXFileReference; lastKnownFileType = sourcecode.swift; path = iDineTests.swift; sourceTree = "<group>"; };
		313F486823381880000B3BE1 /* Info.plist */ = {isa = PBXFileReference; lastKnownFileType = text.plist.xml; path = Info.plist; sourceTree = "<group>"; };
		313F486D23381880000B3BE1 /* iDineUITests.xctest */ = {isa = PBXFileReference; explicitFileType = wrapper.cfbundle; includeInIndex = 0; path = iDineUITests.xctest; sourceTree = BUILT_PRODUCTS_DIR; };
		313F487123381880000B3BE1 /* iDineUITests.swift */ = {isa = PBXFileReference; lastKnownFileType = sourcecode.swift; path = iDineUITests.swift; sourceTree = "<group>"; };
		313F487323381880000B3BE1 /* Info.plist */ = {isa = PBXFileReference; lastKnownFileType = text.plist.xml; path = Info.plist; sourceTree = "<group>"; };
/* End PBXFileReference section */

/* Begin PBXFrameworksBuildPhase section */
		313F48492338187C000B3BE1 /* Frameworks */ = {
			isa = PBXFrameworksBuildPhase;
			buildActionMask = 2147483647;
			files = (
			);
			runOnlyForDeploymentPostprocessing = 0;
		};
		313F485F23381880000B3BE1 /* Frameworks */ = {
			isa = PBXFrameworksBuildPhase;
			buildActionMask = 2147483647;
			files = (
			);
			runOnlyForDeploymentPostprocessing = 0;
		};
		313F486A23381880000B3BE1 /* Frameworks */ = {
			isa = PBXFrameworksBuildPhase;
			buildActionMask = 2147483647;
			files = (
			);
			runOnlyForDeploymentPostprocessing = 0;
		};
/* End PBXFrameworksBuildPhase section */

/* Begin PBXGroup section */
		313F48432338187C000B3BE1 = {
			isa = PBXGroup;
			children = (
				313F484E2338187C000B3BE1 /* iDine */,
				313F486523381880000B3BE1 /* iDineTests */,
				313F487023381880000B3BE1 /* iDineUITests */,
				313F484D2338187C000B3BE1 /* Products */,
			);
			sourceTree = "<group>";
		};
		313F484D2338187C000B3BE1 /* Products */ = {
			isa = PBXGroup;
			children = (
				313F484C2338187C000B3BE1 /* iDine.app */,
				313F486223381880000B3BE1 /* iDineTests.xctest */,
				313F486D23381880000B3BE1 /* iDineUITests.xctest */,
			);
			name = Products;
			sourceTree = "<group>";
		};
		313F484E2338187C000B3BE1 /* iDine */ = {
			isa = PBXGroup;
			children = (
				313F484F2338187C000B3BE1 /* AppDelegate.swift */,
				313F48512338187C000B3BE1 /* SceneDelegate.swift */,
				313F48532338187C000B3BE1 /* ContentView.swift */,
				313F485523381880000B3BE1 /* Assets.xcassets */,
				313F485A23381880000B3BE1 /* LaunchScreen.storyboard */,
				313F485D23381880000B3BE1 /* Info.plist */,
				313F485723381880000B3BE1 /* Preview Content */,
			);
			path = iDine;
			sourceTree = "<group>";
		};
		313F485723381880000B3BE1 /* Preview Content */ = {
			isa = PBXGroup;
			children = (
				313F485823381880000B3BE1 /* Preview Assets.xcassets */,
			);
			path = "Preview Content";
			sourceTree = "<group>";
		};
		313F486523381880000B3BE1 /* iDineTests */ = {
			isa = PBXGroup;
			children = (
				313F486623381880000B3BE1 /* iDineTests.swift */,
				313F486823381880000B3BE1 /* Info.plist */,
			);
			path = iDineTests;
			sourceTree = "<group>";
		};
		313F487023381880000B3BE1 /* iDineUITests */ = {
			isa = PBXGroup;
			children = (
				313F487123381880000B3BE1 /* iDineUITests.swift */,
				313F487323381880000B3BE1 /* Info.plist */,
			);
			path = iDineUITests;
			sourceTree = "<group>";
		};
/* End PBXGroup section */

/* Begin PBXNativeTarget section */
		313F484B2338187C000B3BE1 /* iDine */ = {
			isa = PBXNativeTarget;
			buildConfigurationList = 313F487623381880000B3BE1 /* Build configuration list for PBXNativeTarget "iDine" */;
			buildPhases = (
				313F48482338187C000B3BE1 /* Sources */,
				313F48492338187C000B3BE1 /* Frameworks */,
				313F484A2338187C000B3BE1 /* Resources */,
			);
			buildRules = (
			);
			dependencies = (
			);
			name = iDine;
			productName = iDine;
			productReference = 313F484C2338187C000B3BE1 /* iDine.app */;
			productType = "com.apple.product-type.application";
		};
		313F486123381880000B3BE1 /* iDineTests */ = {
			isa = PBXNativeTarget;
			buildConfigurationList = 313F487923381880000B3BE1 /* Build configuration list for PBXNativeTarget "iDineTests" */;
			buildPhases = (
				313F485E23381880000B3BE1 /* Sources */,
				313F485F23381880000B3BE1 /* Frameworks */,
				313F486023381880000B3BE1 /* Resources */,
			);
			buildRules = (
			);
			dependencies = (
				313F486423381880000B3BE1 /* PBXTargetDependency */,
			);
			name = iDineTests;
			productName = iDineTests;
			productReference = 313F486223381880000B3BE1 /* iDineTests.xctest */;
			productType = "com.apple.product-type.bundle.unit-test";
		};
		313F486C23381880000B3BE1 /* iDineUITests */ = {
			isa = PBXNativeTarget;
			buildConfigurationList = 313F487C23381880000B3BE1 /* Build configuration list for PBXNativeTarget "iDineUITests" */;
			buildPhases = (
				313F486923381880000B3BE1 /* Sources */,
				313F486A23381880000B3BE1 /* Frameworks */,
				313F486B23381880000B3BE1 /* Resources */,
			);
			buildRules = (
			);
			dependencies = (
				313F486F23381880000B3BE1 /* PBXTargetDependency */,
			);
			name = iDineUITests;
			productName = iDineUITests;
			productReference = 313F486D23381880000B3BE1 /* iDineUITests.xctest */;
			productType = "com.apple.product-type.bundle.ui-testing";
		};
/* End PBXNativeTarget section */

/* Begin PBXProject section */
		313F48442338187C000B3BE1 /* Project object */ = {
			isa = PBXProject;
			attributes = {
				LastSwiftUpdateCheck = 1100;
				LastUpgradeCheck = 1100;
				ORGANIZATIONNAME = "Artur Pedyczak";
				TargetAttributes = {
					313F484B2338187C000B3BE1 = {
						CreatedOnToolsVersion = 11.0;
					};
					313F486123381880000B3BE1 = {
						CreatedOnToolsVersion = 11.0;
						TestTargetID = 313F484B2338187C000B3BE1;
					};
					313F486C23381880000B3BE1 = {
						CreatedOnToolsVersion = 11.0;
						TestTargetID = 313F484B2338187C000B3BE1;
					};
				};
			};
			buildConfigurationList = 313F48472338187C000B3BE1 /* Build configuration list for PBXProject "iDine" */;
			compatibilityVersion = "Xcode 9.3";
			developmentRegion = en;
			hasScannedForEncodings = 0;
			knownRegions = (
				en,
				Base,
			);
			mainGroup = 313F48432338187C000B3BE1;
			productRefGroup = 313F484D2338187C000B3BE1 /* Products */;
			projectDirPath = "";
			projectRoot = "";
			targets = (
				313F484B2338187C000B3BE1 /* iDine */,
				313F486123381880000B3BE1 /* iDineTests */,
				313F486C23381880000B3BE1 /* iDineUITests */,
			);
		};
/* End PBXProject section */

/* Begin PBXResourcesBuildPhase section */
		313F484A2338187C000B3BE1 /* Resources */ = {
			isa = PBXResourcesBuildPhase;
			buildActionMask = 2147483647;
			files = (
				313F485C23381880000B3BE1 /* LaunchScreen.storyboard in Resources */,
				313F485923381880000B3BE1 /* Preview Assets.xcassets in Resources */,
				313F485623381880000B3BE1 /* Assets.xcassets in Resources */,
			);
			runOnlyForDeploymentPostprocessing = 0;
		};
		313F486023381880000B3BE1 /* Resources */ = {
			isa = PBXResourcesBuildPhase;
			buildActionMask = 2147483647;
			files = (
			);
			runOnlyForDeploymentPostprocessing = 0;
		};
		313F486B23381880000B3BE1 /* Resources */ = {
			isa = PBXResourcesBuildPhase;
			buildActionMask = 2147483647;
			files = (
			);
			runOnlyForDeploymentPostprocessing = 0;
		};
/* End PBXResourcesBuildPhase section */

/* Begin PBXSourcesBuildPhase section */
		313F48482338187C000B3BE1 /* Sources */ = {
			isa = PBXSourcesBuildPhase;
			buildActionMask = 2147483647;
			files = (
				313F48502338187C000B3BE1 /* AppDelegate.swift in Sources */,
				313F48522338187C000B3BE1 /* SceneDelegate.swift in Sources */,
				313F48542338187C000B3BE1 /* ContentView.swift in Sources */,
			);
			runOnlyForDeploymentPostprocessing = 0;
		};
		313F485E23381880000B3BE1 /* Sources */ = {
			isa = PBXSourcesBuildPhase;
			buildActionMask = 2147483647;
			files = (
				313F486723381880000B3BE1 /* iDineTests.swift in Sources */,
			);
			runOnlyForDeploymentPostprocessing = 0;
		};
		313F486923381880000B3BE1 /* Sources */ = {
			isa = PBXSourcesBuildPhase;
			buildActionMask = 2147483647;
			files = (
				313F487223381880000B3BE1 /* iDineUITests.swift in Sources */,
			);
			runOnlyForDeploymentPostprocessing = 0;
		};
/* End PBXSourcesBuildPhase section */

/* Begin PBXTargetDependency section */
		313F486423381880000B3BE1 /* PBXTargetDependency */ = {
			isa = PBXTargetDependency;
			target = 313F484B2338187C000B3BE1 /* iDine */;
			targetProxy = 313F486323381880000B3BE1 /* PBXContainerItemProxy */;
		};
		313F486F23381880000B3BE1 /* PBXTargetDependency */ = {
			isa = PBXTargetDependency;
			target = 313F484B2338187C000B3BE1 /* iDine */;
			targetProxy = 313F486E23381880000B3BE1 /* PBXContainerItemProxy */;
		};
/* End PBXTargetDependency section */

/* Begin PBXVariantGroup section */
		313F485A23381880000B3BE1 /* LaunchScreen.storyboard */ = {
			isa = PBXVariantGroup;
			children = (
				313F485B23381880000B3BE1 /* Base */,
			);
			name = LaunchScreen.storyboard;
			sourceTree = "<group>";
		};
/* End PBXVariantGroup section */

/* Begin XCBuildConfiguration section */
		313F487423381880000B3BE1 /* Debug */ = {
			isa = XCBuildConfiguration;
			buildSettings = {
				ALWAYS_SEARCH_USER_PATHS = NO;
				CLANG_ANALYZER_NONNULL = YES;
				CLANG_ANALYZER_NUMBER_OBJECT_CONVERSION = YES_AGGRESSIVE;
				CLANG_CXX_LANGUAGE_STANDARD = "gnu++14";
				CLANG_CXX_LIBRARY = "libc++";
				CLANG_ENABLE_MODULES = YES;
				CLANG_ENABLE_OBJC_ARC = YES;
				CLANG_ENABLE_OBJC_WEAK = YES;
				CLANG_WARN_BLOCK_CAPTURE_AUTORELEASING = YES;
				CLANG_WARN_BOOL_CONVERSION = YES;
				CLANG_WARN_COMMA = YES;
				CLANG_WARN_CONSTANT_CONVERSION = YES;
				CLANG_WARN_DEPRECATED_OBJC_IMPLEMENTATIONS = YES;
				CLANG_WARN_DIRECT_OBJC_ISA_USAGE = YES_ERROR;
				CLANG_WARN_DOCUMENTATION_COMMENTS = YES;
				CLANG_WARN_EMPTY_BODY = YES;
				CLANG_WARN_ENUM_CONVERSION = YES;
				CLANG_WARN_INFINITE_RECURSION = YES;
				CLANG_WARN_INT_CONVERSION = YES;
				CLANG_WARN_NON_LITERAL_NULL_CONVERSION = YES;
				CLANG_WARN_OBJC_IMPLICIT_RETAIN_SELF = YES;
				CLANG_WARN_OBJC_LITERAL_CONVERSION = YES;
				CLANG_WARN_OBJC_ROOT_CLASS = YES_ERROR;
				CLANG_WARN_RANGE_LOOP_ANALYSIS = YES;
				CLANG_WARN_STRICT_PROTOTYPES = YES;
				CLANG_WARN_SUSPICIOUS_MOVE = YES;
				CLANG_WARN_UNGUARDED_AVAILABILITY = YES_AGGRESSIVE;
				CLANG_WARN_UNREACHABLE_CODE = YES;
				CLANG_WARN__DUPLICATE_METHOD_MATCH = YES;
				COPY_PHASE_STRIP = NO;
				DEBUG_INFORMATION_FORMAT = dwarf;
				ENABLE_STRICT_OBJC_MSGSEND = YES;
				ENABLE_TESTABILITY = YES;
				GCC_C_LANGUAGE_STANDARD = gnu11;
				GCC_DYNAMIC_NO_PIC = NO;
				GCC_NO_COMMON_BLOCKS = YES;
				GCC_OPTIMIZATION_LEVEL = 0;
				GCC_PREPROCESSOR_DEFINITIONS = (
					"DEBUG=1",
					"$(inherited)",
				);
				GCC_WARN_64_TO_32_BIT_CONVERSION = YES;
				GCC_WARN_ABOUT_RETURN_TYPE = YES_ERROR;
				GCC_WARN_UNDECLARED_SELECTOR = YES;
				GCC_WARN_UNINITIALIZED_AUTOS = YES_AGGRESSIVE;
				GCC_WARN_UNUSED_FUNCTION = YES;
				GCC_WARN_UNUSED_VARIABLE = YES;
				IPHONEOS_DEPLOYMENT_TARGET = 13.0;
				MTL_ENABLE_DEBUG_INFO = INCLUDE_SOURCE;
				MTL_FAST_MATH = YES;
				ONLY_ACTIVE_ARCH = YES;
				SDKROOT = iphoneos;
				SWIFT_ACTIVE_COMPILATION_CONDITIONS = DEBUG;
				SWIFT_OPTIMIZATION_LEVEL = "-Onone";
			};
			name = Debug;
		};
		313F487523381880000B3BE1 /* Release */ = {
			isa = XCBuildConfiguration;
			buildSettings = {
				ALWAYS_SEARCH_USER_PATHS = NO;
				CLANG_ANALYZER_NONNULL = YES;
				CLANG_ANALYZER_NUMBER_OBJECT_CONVERSION = YES_AGGRESSIVE;
				CLANG_CXX_LANGUAGE_STANDARD = "gnu++14";
				CLANG_CXX_LIBRARY = "libc++";
				CLANG_ENABLE_MODULES = YES;
				CLANG_ENABLE_OBJC_ARC = YES;
				CLANG_ENABLE_OBJC_WEAK = YES;
				CLANG_WARN_BLOCK_CAPTURE_AUTORELEASING = YES;
				CLANG_WARN_BOOL_CONVERSION = YES;
				CLANG_WARN_COMMA = YES;
				CLANG_WARN_CONSTANT_CONVERSION = YES;
				CLANG_WARN_DEPRECATED_OBJC_IMPLEMENTATIONS = YES;
				CLANG_WARN_DIRECT_OBJC_ISA_USAGE = YES_ERROR;
				CLANG_WARN_DOCUMENTATION_COMMENTS = YES;
				CLANG_WARN_EMPTY_BODY = YES;
				CLANG_WARN_ENUM_CONVERSION = YES;
				CLANG_WARN_INFINITE_RECURSION = YES;
				CLANG_WARN_INT_CONVERSION = YES;
				CLANG_WARN_NON_LITERAL_NULL_CONVERSION = YES;
				CLANG_WARN_OBJC_IMPLICIT_RETAIN_SELF = YES;
				CLANG_WARN_OBJC_LITERAL_CONVERSION = YES;
				CLANG_WARN_OBJC_ROOT_CLASS = YES_ERROR;
				CLANG_WARN_RANGE_LOOP_ANALYSIS = YES;
				CLANG_WARN_STRICT_PROTOTYPES = YES;
				CLANG_WARN_SUSPICIOUS_MOVE = YES;
				CLANG_WARN_UNGUARDED_AVAILABILITY = YES_AGGRESSIVE;
				CLANG_WARN_UNREACHABLE_CODE = YES;
				CLANG_WARN__DUPLICATE_METHOD_MATCH = YES;
				COPY_PHASE_STRIP = NO;
				DEBUG_INFORMATION_FORMAT = "dwarf-with-dsym";
				ENABLE_NS_ASSERTIONS = NO;
				ENABLE_STRICT_OBJC_MSGSEND = YES;
				GCC_C_LANGUAGE_STANDARD = gnu11;
				GCC_NO_COMMON_BLOCKS = YES;
				GCC_WARN_64_TO_32_BIT_CONVERSION = YES;
				GCC_WARN_ABOUT_RETURN_TYPE = YES_ERROR;
				GCC_WARN_UNDECLARED_SELECTOR = YES;
				GCC_WARN_UNINITIALIZED_AUTOS = YES_AGGRESSIVE;
				GCC_WARN_UNUSED_FUNCTION = YES;
				GCC_WARN_UNUSED_VARIABLE = YES;
				IPHONEOS_DEPLOYMENT_TARGET = 13.0;
				MTL_ENABLE_DEBUG_INFO = NO;
				MTL_FAST_MATH = YES;
				SDKROOT = iphoneos;
				SWIFT_COMPILATION_MODE = wholemodule;
				SWIFT_OPTIMIZATION_LEVEL = "-O";
				VALIDATE_PRODUCT = YES;
			};
			name = Release;
		};
		313F487723381880000B3BE1 /* Debug */ = {
			isa = XCBuildConfiguration;
			buildSettings = {
				ASSETCATALOG_COMPILER_APPICON_NAME = AppIcon;
				CODE_SIGN_STYLE = Automatic;
				DEVELOPMENT_ASSET_PATHS = "\"iDine/Preview Content\"";
				DEVELOPMENT_TEAM = N6AL59LLDC;
				ENABLE_PREVIEWS = YES;
				INFOPLIST_FILE = iDine/Info.plist;
				LD_RUNPATH_SEARCH_PATHS = (
					"$(inherited)",
					"@executable_path/Frameworks",
				);
				PRODUCT_BUNDLE_IDENTIFIER = ca.artur.iDine;
				PRODUCT_NAME = "$(TARGET_NAME)";
				SWIFT_VERSION = 5.0;
				TARGETED_DEVICE_FAMILY = "1,2";
			};
			name = Debug;
		};
		313F487823381880000B3BE1 /* Release */ = {
			isa = XCBuildConfiguration;
			buildSettings = {
				ASSETCATALOG_COMPILER_APPICON_NAME = AppIcon;
				CODE_SIGN_STYLE = Automatic;
				DEVELOPMENT_ASSET_PATHS = "\"iDine/Preview Content\"";
				DEVELOPMENT_TEAM = N6AL59LLDC;
				ENABLE_PREVIEWS = YES;
				INFOPLIST_FILE = iDine/Info.plist;
				LD_RUNPATH_SEARCH_PATHS = (
					"$(inherited)",
					"@executable_path/Frameworks",
				);
				PRODUCT_BUNDLE_IDENTIFIER = ca.artur.iDine;
				PRODUCT_NAME = "$(TARGET_NAME)";
				SWIFT_VERSION = 5.0;
				TARGETED_DEVICE_FAMILY = "1,2";
			};
			name = Release;
		};
		313F487A23381880000B3BE1 /* Debug */ = {
			isa = XCBuildConfiguration;
			buildSettings = {
				ALWAYS_EMBED_SWIFT_STANDARD_LIBRARIES = YES;
				BUNDLE_LOADER = "$(TEST_HOST)";
				CODE_SIGN_STYLE = Automatic;
				DEVELOPMENT_TEAM = N6AL59LLDC;
				INFOPLIST_FILE = iDineTests/Info.plist;
				IPHONEOS_DEPLOYMENT_TARGET = 13.0;
				LD_RUNPATH_SEARCH_PATHS = (
					"$(inherited)",
					"@executable_path/Frameworks",
					"@loader_path/Frameworks",
				);
				PRODUCT_BUNDLE_IDENTIFIER = ca.artur.iDineTests;
				PRODUCT_NAME = "$(TARGET_NAME)";
				SWIFT_VERSION = 5.0;
				TARGETED_DEVICE_FAMILY = "1,2";
				TEST_HOST = "$(BUILT_PRODUCTS_DIR)/iDine.app/iDine";
			};
			name = Debug;
		};
		313F487B23381880000B3BE1 /* Release */ = {
			isa = XCBuildConfiguration;
			buildSettings = {
				ALWAYS_EMBED_SWIFT_STANDARD_LIBRARIES = YES;
				BUNDLE_LOADER = "$(TEST_HOST)";
				CODE_SIGN_STYLE = Automatic;
				DEVELOPMENT_TEAM = N6AL59LLDC;
				INFOPLIST_FILE = iDineTests/Info.plist;
				IPHONEOS_DEPLOYMENT_TARGET = 13.0;
				LD_RUNPATH_SEARCH_PATHS = (
					"$(inherited)",
					"@executable_path/Frameworks",
					"@loader_path/Frameworks",
				);
				PRODUCT_BUNDLE_IDENTIFIER = ca.artur.iDineTests;
				PRODUCT_NAME = "$(TARGET_NAME)";
				SWIFT_VERSION = 5.0;
				TARGETED_DEVICE_FAMILY = "1,2";
				TEST_HOST = "$(BUILT_PRODUCTS_DIR)/iDine.app/iDine";
			};
			name = Release;
		};
		313F487D23381880000B3BE1 /* Debug */ = {
			isa = XCBuildConfiguration;
			buildSettings = {
				ALWAYS_EMBED_SWIFT_STANDARD_LIBRARIES = YES;
				CODE_SIGN_STYLE = Automatic;
				DEVELOPMENT_TEAM = N6AL59LLDC;
				INFOPLIST_FILE = iDineUITests/Info.plist;
				LD_RUNPATH_SEARCH_PATHS = (
					"$(inherited)",
					"@executable_path/Frameworks",
					"@loader_path/Frameworks",
				);
				PRODUCT_BUNDLE_IDENTIFIER = ca.artur.iDineUITests;
				PRODUCT_NAME = "$(TARGET_NAME)";
				SWIFT_VERSION = 5.0;
				TARGETED_DEVICE_FAMILY = "1,2";
				TEST_TARGET_NAME = iDine;
			};
			name = Debug;
		};
		313F487E23381880000B3BE1 /* Release */ = {
			isa = XCBuildConfiguration;
			buildSettings = {
				ALWAYS_EMBED_SWIFT_STANDARD_LIBRARIES = YES;
				CODE_SIGN_STYLE = Automatic;
				DEVELOPMENT_TEAM = N6AL59LLDC;
				INFOPLIST_FILE = iDineUITests/Info.plist;
				LD_RUNPATH_SEARCH_PATHS = (
					"$(inherited)",
					"@executable_path/Frameworks",
					"@loader_path/Frameworks",
				);
				PRODUCT_BUNDLE_IDENTIFIER = ca.artur.iDineUITests;
				PRODUCT_NAME = "$(TARGET_NAME)";
				SWIFT_VERSION = 5.0;
				TARGETED_DEVICE_FAMILY = "1,2";
				TEST_TARGET_NAME = iDine;
			};
			name = Release;
		};
/* End XCBuildConfiguration section */

/* Begin XCConfigurationList section */
		313F48472338187C000B3BE1 /* Build configuration list for PBXProject "iDine" */ = {
			isa = XCConfigurationList;
			buildConfigurations = (
				313F487423381880000B3BE1 /* Debug */,
				313F487523381880000B3BE1 /* Release */,
			);
			defaultConfigurationIsVisible = 0;
			defaultConfigurationName = Release;
		};
		313F487623381880000B3BE1 /* Build configuration list for PBXNativeTarget "iDine" */ = {
			isa = XCConfigurationList;
			buildConfigurations = (
				313F487723381880000B3BE1 /* Debug */,
				313F487823381880000B3BE1 /* Release */,
			);
			defaultConfigurationIsVisible = 0;
			defaultConfigurationName = Release;
		};
		313F487923381880000B3BE1 /* Build configuration list for PBXNativeTarget "iDineTests" */ = {
			isa = XCConfigurationList;
			buildConfigurations = (
				313F487A23381880000B3BE1 /* Debug */,
				313F487B23381880000B3BE1 /* Release */,
			);
			defaultConfigurationIsVisible = 0;
			defaultConfigurationName = Release;
		};
		313F487C23381880000B3BE1 /* Build configuration list for PBXNativeTarget "iDineUITests" */ = {
			isa = XCConfigurationList;
			buildConfigurations = (
				313F487D23381880000B3BE1 /* Debug */,
				313F487E23381880000B3BE1 /* Release */,
			);
			defaultConfigurationIsVisible = 0;
			defaultConfigurationName = Release;
		};
/* End XCConfigurationList section */
	};
	rootObject = 313F48442338187C000B3BE1 /* Project object */;
}
